{
  "name": "portfolio-showcase",
  "version": "1.0.0",
  "lockfileVersion": 3,
  "requires": true,
  "packages": {
    "": {
      "name": "portfolio-showcase",
      "version": "1.0.0",
      "license": "MIT",
      "dependencies": {
        "intersection-observer": "^0.12.2",
        "web-vitals": "^3.5.0"
      },
      "devDependencies": {
        "@babel/core": "^7.23.0",
        "@babel/preset-env": "^7.23.0",
        "babel-jest": "^29.7.0",
        "clean-css-cli": "^5.6.2",
        "eslint": "^8.52.0",
        "eslint-config-prettier": "^9.0.0",
        "gh-pages": "^6.0.0",
        "html5validator": "^0.4.2",
        "imagemin": "^8.0.1",
        "imagemin-cli": "^7.0.0",
        "imagemin-pngquant": "^9.0.2",
        "imagemin-webp": "^7.0.0",
        "jest": "^29.7.0",
        "lighthouse": "^11.2.0",
        "live-server": "^1.2.2",
        "prettier": "^3.0.3",
        "rimraf": "^5.0.5",
        "uglify-js": "^3.17.4"
      },
      "engines": {
        "node": ">=16.0.0",
        "npm": ">=7.0.0"
      }
    },
    "node_modules/intersection-observer": {
      "version": "0.12.2",
      "resolved": "https://registry.npmjs.org/intersection-observer/-/intersection-observer-0.12.2.tgz",
      "integrity": "sha512-7m1vEcPCxXYI8HqnL8CKI6siDyD+eIWSwgB3DZA+ZTogxk9I4CDnj4wilt9x/+/QbHI4YG5YZNmC6458/e9Ktg=="
    },
    "node_modules/web-vitals": {
      "version": "3.5.0",
      "resolved": "https://registry.npmjs.org/web-vitals/-/web-vitals-3.5.0.tgz",
      "integrity": "sha512-jzgGCJBB7c9jTkBUUSdG4EaVkzU5OhK2X0GEFfbJCqmNaWpWg6kpIwKfOr4f/0BYoqp2meFZmGvUqXYpj+oJjQ=="
    }
  }
}